
Microsoft Visual Studio Solution File, Format Version 12.00
# Visual Studio Version 17
VisualStudioVersion = 17.9.34701.34
MinimumVisualStudioVersion = 10.0.40219.1
Project("{FAE04EC0-301F-11D3-BF4B-00C04F79EFBC}") = "UnityLog2Melon", "UnityLog2Melon.csproj", "{8CFED7DD-6F06-450E-89CE-A23002C24FEF}"
EndProject
Global
	GlobalSection(SolutionConfigurationPlatforms) = preSolution
		Debug|Any CPU = Debug|Any CPU
		Release|Any CPU = Release|Any CPU
	EndGlobalSection
	GlobalSection(ProjectConfigurationPlatforms) = postSolution
		{8CFED7DD-6F06-450E-89CE-A23002C24FEF}.Debug|Any CPU.ActiveCfg = Debug|Any CPU
		{8CFED7DD-6F06-450E-89CE-A23002C24FEF}.Debug|Any CPU.Build.0 = Debug|Any CPU
		{8CFED7DD-6F06-450E-89CE-A23002C24FEF}.Release|Any CPU.ActiveCfg = Release|Any CPU
		{8CFED7DD-6F06-450E-89CE-A23002C24FEF}.Release|Any CPU.Build.0 = Release|Any CPU
	EndGlobalSection
	GlobalSection(SolutionProperties) = preSolution
		HideSolutionNode = FALSE
	EndGlobalSection
	GlobalSection(ExtensibilityGlobals) = postSolution
		SolutionGuid = {CDB074F1-DC1C-42B7-B3DC-99F8E1AD18FE}
	EndGlobalSection
EndGlobal
